
Microsoft Visual Studio Solution File, Format Version 12.00
# Visual Studio Version 16
VisualStudioVersion = 16.0.810.25
MinimumVisualStudioVersion = 10.0.40219.1
Project("{FAE04EC0-301F-11D3-BF4B-00C04F79EFBC}") = "emsbackend", "emsbackend.csproj", "{998F6514-FA1F-4EC2-8B48-F379D7ABE482}"
EndProject
Project("{E53339B2-1760-4266-BCC7-CA923CBCF16C}") = "docker-compose", "docker-compose.dcproj", "{CD17FF5A-F40E-4FB2-B3D0-89960DAA7EA1}"
EndProject
Global
	GlobalSection(SolutionConfigurationPlatforms) = preSolution
		Debug|Any CPU = Debug|Any CPU
		Release|Any CPU = Release|Any CPU
	EndGlobalSection
	GlobalSection(ProjectConfigurationPlatforms) = postSolution
		{998F6514-FA1F-4EC2-8B48-F379D7ABE482}.Debug|Any CPU.ActiveCfg = Debug|Any CPU
		{998F6514-FA1F-4EC2-8B48-F379D7ABE482}.Debug|Any CPU.Build.0 = Debug|Any CPU
		{998F6514-FA1F-4EC2-8B48-F379D7ABE482}.Release|Any CPU.ActiveCfg = Release|Any CPU
		{998F6514-FA1F-4EC2-8B48-F379D7ABE482}.Release|Any CPU.Build.0 = Release|Any CPU
		{CD17FF5A-F40E-4FB2-B3D0-89960DAA7EA1}.Debug|Any CPU.ActiveCfg = Debug|Any CPU
		{CD17FF5A-F40E-4FB2-B3D0-89960DAA7EA1}.Debug|Any CPU.Build.0 = Debug|Any CPU
		{CD17FF5A-F40E-4FB2-B3D0-89960DAA7EA1}.Release|Any CPU.ActiveCfg = Release|Any CPU
		{CD17FF5A-F40E-4FB2-B3D0-89960DAA7EA1}.Release|Any CPU.Build.0 = Release|Any CPU
	EndGlobalSection
	GlobalSection(SolutionProperties) = preSolution
		HideSolutionNode = FALSE
	EndGlobalSection
	GlobalSection(ExtensibilityGlobals) = postSolution
		SolutionGuid = {066FDE15-412B-452B-95F8-BBDCD47322ED}
	EndGlobalSection
EndGlobal
